
Microsoft Visual Studio Solution File, Format Version 12.00
# Visual Studio Version 17
VisualStudioVersion = 17.0.32014.148
MinimumVisualStudioVersion = 10.0.40219.1
Project("{9A19103F-16F7-4668-BE54-9A1E7A4F7556}") = "GangstersAPP.API", "EConnectSocialMedia.API\GangstersAPP.API.csproj", "{7001D632-8B5E-4486-93CC-9C8D9A7DB66C}"
EndProject
Project("{2150E333-8FDC-42A3-9474-1A3956D46DE8}") = "Common", "Common", "{707F1FF3-CBEF-462C-93AF-F6F09755D2BA}"
EndProject
Project("{2150E333-8FDC-42A3-9474-1A3956D46DE8}") = "DAL", "DAL", "{9AE94F7E-8DE3-4EB9-89AE-0351668F30ED}"
EndProject
Project("{2150E333-8FDC-42A3-9474-1A3956D46DE8}") = "Entity", "Entity", "{4C9007FD-AE9F-420A-8822-52E418D5ABEC}"
EndProject
Project("{2150E333-8FDC-42A3-9474-1A3956D46DE8}") = "Repository", "Repository", "{16070FD8-591F-456B-98DF-8738E90A9FE2}"
EndProject
Project("{9A19103F-16F7-4668-BE54-9A1E7A4F7556}") = "GangstersAPP.Common", "EConnectSocialMedia.Common\GangstersAPP.Common.csproj", "{EEDFD794-6952-482A-858B-2E42AC9437DC}"
EndProject
Project("{9A19103F-16F7-4668-BE54-9A1E7A4F7556}") = "GangstersAPP.DAL", "EConnectSocialMedia.DAL\GangstersAPP.DAL.csproj", "{B42F8820-1E5C-451A-8037-1DA4B8992417}"
EndProject
Project("{9A19103F-16F7-4668-BE54-9A1E7A4F7556}") = "GangstersAPP.Entity", "EConnectSocialMedia.Entity\GangstersAPP.Entity.csproj", "{10DDD5CE-EAD4-4E9C-8BF8-C0021A80ACD7}"
EndProject
Project("{9A19103F-16F7-4668-BE54-9A1E7A4F7556}") = "GangstersAPP.Repository", "EConnectSocialMedia.Repository\GangstersAPP.Repository.csproj", "{5B977E2A-DC5D-4E58-8941-1D195DC19CA7}"
EndProject
Project("{9A19103F-16F7-4668-BE54-9A1E7A4F7556}") = "GangstersAPP.ServiceEntity", "EConnectSocialMedia.ServiceEntity\GangstersAPP.ServiceEntity.csproj", "{B919BE86-8EE3-45C9-931F-73540A6A7850}"
EndProject
Global
	GlobalSection(SolutionConfigurationPlatforms) = preSolution
		Debug|Any CPU = Debug|Any CPU
		Release|Any CPU = Release|Any CPU
	EndGlobalSection
	GlobalSection(ProjectConfigurationPlatforms) = postSolution
		{7001D632-8B5E-4486-93CC-9C8D9A7DB66C}.Debug|Any CPU.ActiveCfg = Debug|Any CPU
		{7001D632-8B5E-4486-93CC-9C8D9A7DB66C}.Debug|Any CPU.Build.0 = Debug|Any CPU
		{7001D632-8B5E-4486-93CC-9C8D9A7DB66C}.Release|Any CPU.ActiveCfg = Release|Any CPU
		{7001D632-8B5E-4486-93CC-9C8D9A7DB66C}.Release|Any CPU.Build.0 = Release|Any CPU
		{EEDFD794-6952-482A-858B-2E42AC9437DC}.Debug|Any CPU.ActiveCfg = Debug|Any CPU
		{EEDFD794-6952-482A-858B-2E42AC9437DC}.Debug|Any CPU.Build.0 = Debug|Any CPU
		{EEDFD794-6952-482A-858B-2E42AC9437DC}.Release|Any CPU.ActiveCfg = Release|Any CPU
		{EEDFD794-6952-482A-858B-2E42AC9437DC}.Release|Any CPU.Build.0 = Release|Any CPU
		{B42F8820-1E5C-451A-8037-1DA4B8992417}.Debug|Any CPU.ActiveCfg = Debug|Any CPU
		{B42F8820-1E5C-451A-8037-1DA4B8992417}.Debug|Any CPU.Build.0 = Debug|Any CPU
		{B42F8820-1E5C-451A-8037-1DA4B8992417}.Release|Any CPU.ActiveCfg = Release|Any CPU
		{B42F8820-1E5C-451A-8037-1DA4B8992417}.Release|Any CPU.Build.0 = Release|Any CPU
		{10DDD5CE-EAD4-4E9C-8BF8-C0021A80ACD7}.Debug|Any CPU.ActiveCfg = Debug|Any CPU
		{10DDD5CE-EAD4-4E9C-8BF8-C0021A80ACD7}.Debug|Any CPU.Build.0 = Debug|Any CPU
		{10DDD5CE-EAD4-4E9C-8BF8-C0021A80ACD7}.Release|Any CPU.ActiveCfg = Release|Any CPU
		{10DDD5CE-EAD4-4E9C-8BF8-C0021A80ACD7}.Release|Any CPU.Build.0 = Release|Any CPU
		{5B977E2A-DC5D-4E58-8941-1D195DC19CA7}.Debug|Any CPU.ActiveCfg = Debug|Any CPU
		{5B977E2A-DC5D-4E58-8941-1D195DC19CA7}.Debug|Any CPU.Build.0 = Debug|Any CPU
		{5B977E2A-DC5D-4E58-8941-1D195DC19CA7}.Release|Any CPU.ActiveCfg = Release|Any CPU
		{5B977E2A-DC5D-4E58-8941-1D195DC19CA7}.Release|Any CPU.Build.0 = Release|Any CPU
		{B919BE86-8EE3-45C9-931F-73540A6A7850}.Debug|Any CPU.ActiveCfg = Debug|Any CPU
		{B919BE86-8EE3-45C9-931F-73540A6A7850}.Debug|Any CPU.Build.0 = Debug|Any CPU
		{B919BE86-8EE3-45C9-931F-73540A6A7850}.Release|Any CPU.ActiveCfg = Release|Any CPU
		{B919BE86-8EE3-45C9-931F-73540A6A7850}.Release|Any CPU.Build.0 = Release|Any CPU
	EndGlobalSection
	GlobalSection(SolutionProperties) = preSolution
		HideSolutionNode = FALSE
	EndGlobalSection
	GlobalSection(NestedProjects) = preSolution
		{EEDFD794-6952-482A-858B-2E42AC9437DC} = {707F1FF3-CBEF-462C-93AF-F6F09755D2BA}
		{B42F8820-1E5C-451A-8037-1DA4B8992417} = {9AE94F7E-8DE3-4EB9-89AE-0351668F30ED}
		{10DDD5CE-EAD4-4E9C-8BF8-C0021A80ACD7} = {4C9007FD-AE9F-420A-8822-52E418D5ABEC}
		{5B977E2A-DC5D-4E58-8941-1D195DC19CA7} = {16070FD8-591F-456B-98DF-8738E90A9FE2}
		{B919BE86-8EE3-45C9-931F-73540A6A7850} = {4C9007FD-AE9F-420A-8822-52E418D5ABEC}
	EndGlobalSection
	GlobalSection(ExtensibilityGlobals) = postSolution
		SolutionGuid = {9FB3EB9B-FC37-4549-94C3-07A4F0293BDC}
	EndGlobalSection
EndGlobal
